
Microsoft Visual Studio Solution File, Format Version 12.00
# Visual Studio Version 16
VisualStudioVersion = 16.0.32602.291
MinimumVisualStudioVersion = 10.0.40219.1
Project("{FAE04EC0-301F-11D3-BF4B-00C04F79EFBC}") = "taskcrude", "taskcrude\taskcrude.csproj", "{29BDFF8C-6EC0-4354-BDC4-0FACEA6482BD}"
EndProject
Global
	GlobalSection(SolutionConfigurationPlatforms) = preSolution
		Debug|Any CPU = Debug|Any CPU
		Release|Any CPU = Release|Any CPU
	EndGlobalSection
	GlobalSection(ProjectConfigurationPlatforms) = postSolution
		{29BDFF8C-6EC0-4354-BDC4-0FACEA6482BD}.Debug|Any CPU.ActiveCfg = Debug|Any CPU
		{29BDFF8C-6EC0-4354-BDC4-0FACEA6482BD}.Debug|Any CPU.Build.0 = Debug|Any CPU
		{29BDFF8C-6EC0-4354-BDC4-0FACEA6482BD}.Release|Any CPU.ActiveCfg = Release|Any CPU
		{29BDFF8C-6EC0-4354-BDC4-0FACEA6482BD}.Release|Any CPU.Build.0 = Release|Any CPU
	EndGlobalSection
	GlobalSection(SolutionProperties) = preSolution
		HideSolutionNode = FALSE
	EndGlobalSection
	GlobalSection(ExtensibilityGlobals) = postSolution
		SolutionGuid = {5723D452-AFEA-4884-AD73-B8C2523EB42A}
	EndGlobalSection
EndGlobal
